
Microsoft Visual Studio Solution File, Format Version 12.00
# Visual Studio 2012
Project("{FAE04EC0-301F-11D3-BF4B-00C04F79EFBC}") = "HighScoreBuddy", "HighScoreBuddy.csproj", "{E2BFF840-D846-4A03-85C5-FBCE946991CB}"
EndProject
Project("{FAE04EC0-301F-11D3-BF4B-00C04F79EFBC}") = "EasyStorage.Windows", "..\externals\EasyStorage\Windows\EasyStorage.Windows.csproj", "{9272052E-A304-4DBB-B4BD-35B0453ED522}"
EndProject
Project("{FAE04EC0-301F-11D3-BF4B-00C04F79EFBC}") = "Lidgren.Network.Windows", "..\externals\MonoGame\ThirdParty\Lidgren.Network\Lidgren.Network.Windows.csproj", "{AE483C29-042E-4226-BA52-D247CE7676DA}"
EndProject
Project("{FAE04EC0-301F-11D3-BF4B-00C04F79EFBC}") = "FileBuddyLib.Windows", "..\externals\FileBuddy\Windows\FileBuddyLib.Windows.csproj", "{9CF5B7ED-4ED9-4FBF-A35C-54945B903298}"
EndProject
Project("{FAE04EC0-301F-11D3-BF4B-00C04F79EFBC}") = "MonoGame.Framework.WindowsGL", "..\externals\MonoGame\MonoGame.Framework\MonoGame.Framework.WindowsGL.csproj", "{7DE47032-A904-4C29-BD22-2D235E8D91BA}"
EndProject
Global
	GlobalSection(SolutionConfigurationPlatforms) = preSolution
		Debug|Any CPU = Debug|Any CPU
		Debug|Mixed Platforms = Debug|Mixed Platforms
		Debug|x86 = Debug|x86
		Release|Any CPU = Release|Any CPU
		Release|Mixed Platforms = Release|Mixed Platforms
		Release|x86 = Release|x86
	EndGlobalSection
	GlobalSection(ProjectConfigurationPlatforms) = postSolution
		{E2BFF840-D846-4A03-85C5-FBCE946991CB}.Debug|Any CPU.ActiveCfg = Debug|Any CPU
		{E2BFF840-D846-4A03-85C5-FBCE946991CB}.Debug|Any CPU.Build.0 = Debug|Any CPU
		{E2BFF840-D846-4A03-85C5-FBCE946991CB}.Debug|Mixed Platforms.ActiveCfg = Debug|x86
		{E2BFF840-D846-4A03-85C5-FBCE946991CB}.Debug|Mixed Platforms.Build.0 = Debug|x86
		{E2BFF840-D846-4A03-85C5-FBCE946991CB}.Debug|x86.ActiveCfg = Debug|x86
		{E2BFF840-D846-4A03-85C5-FBCE946991CB}.Debug|x86.Build.0 = Debug|x86
		{E2BFF840-D846-4A03-85C5-FBCE946991CB}.Release|Any CPU.ActiveCfg = Release|Any CPU
		{E2BFF840-D846-4A03-85C5-FBCE946991CB}.Release|Any CPU.Build.0 = Release|Any CPU
		{E2BFF840-D846-4A03-85C5-FBCE946991CB}.Release|Mixed Platforms.ActiveCfg = Release|x86
		{E2BFF840-D846-4A03-85C5-FBCE946991CB}.Release|Mixed Platforms.Build.0 = Release|x86
		{E2BFF840-D846-4A03-85C5-FBCE946991CB}.Release|x86.ActiveCfg = Release|x86
		{E2BFF840-D846-4A03-85C5-FBCE946991CB}.Release|x86.Build.0 = Release|x86
		{9272052E-A304-4DBB-B4BD-35B0453ED522}.Debug|Any CPU.ActiveCfg = Debug|Any CPU
		{9272052E-A304-4DBB-B4BD-35B0453ED522}.Debug|Any CPU.Build.0 = Debug|Any CPU
		{9272052E-A304-4DBB-B4BD-35B0453ED522}.Debug|Mixed Platforms.ActiveCfg = Debug|x86
		{9272052E-A304-4DBB-B4BD-35B0453ED522}.Debug|Mixed Platforms.Build.0 = Debug|x86
		{9272052E-A304-4DBB-B4BD-35B0453ED522}.Debug|x86.ActiveCfg = Debug|x86
		{9272052E-A304-4DBB-B4BD-35B0453ED522}.Debug|x86.Build.0 = Debug|x86
		{9272052E-A304-4DBB-B4BD-35B0453ED522}.Release|Any CPU.ActiveCfg = Release|Any CPU
		{9272052E-A304-4DBB-B4BD-35B0453ED522}.Release|Any CPU.Build.0 = Release|Any CPU
		{9272052E-A304-4DBB-B4BD-35B0453ED522}.Release|Mixed Platforms.ActiveCfg = Release|x86
		{9272052E-A304-4DBB-B4BD-35B0453ED522}.Release|Mixed Platforms.Build.0 = Release|x86
		{9272052E-A304-4DBB-B4BD-35B0453ED522}.Release|x86.ActiveCfg = Release|x86
		{9272052E-A304-4DBB-B4BD-35B0453ED522}.Release|x86.Build.0 = Release|x86
		{AE483C29-042E-4226-BA52-D247CE7676DA}.Debug|Any CPU.ActiveCfg = Debug|Any CPU
		{AE483C29-042E-4226-BA52-D247CE7676DA}.Debug|Any CPU.Build.0 = Debug|Any CPU
		{AE483C29-042E-4226-BA52-D247CE7676DA}.Debug|Mixed Platforms.ActiveCfg = Debug|x86
		{AE483C29-042E-4226-BA52-D247CE7676DA}.Debug|Mixed Platforms.Build.0 = Debug|x86
		{AE483C29-042E-4226-BA52-D247CE7676DA}.Debug|x86.ActiveCfg = Debug|Any CPU
		{AE483C29-042E-4226-BA52-D247CE7676DA}.Debug|x86.Build.0 = Debug|Any CPU
		{AE483C29-042E-4226-BA52-D247CE7676DA}.Release|Any CPU.ActiveCfg = Release|Any CPU
		{AE483C29-042E-4226-BA52-D247CE7676DA}.Release|Any CPU.Build.0 = Release|Any CPU
		{AE483C29-042E-4226-BA52-D247CE7676DA}.Release|Mixed Platforms.ActiveCfg = Release|x86
		{AE483C29-042E-4226-BA52-D247CE7676DA}.Release|Mixed Platforms.Build.0 = Release|x86
		{AE483C29-042E-4226-BA52-D247CE7676DA}.Release|x86.ActiveCfg = Release|Any CPU
		{AE483C29-042E-4226-BA52-D247CE7676DA}.Release|x86.Build.0 = Release|Any CPU
		{9CF5B7ED-4ED9-4FBF-A35C-54945B903298}.Debug|Any CPU.ActiveCfg = Debug|Any CPU
		{9CF5B7ED-4ED9-4FBF-A35C-54945B903298}.Debug|Any CPU.Build.0 = Debug|Any CPU
		{9CF5B7ED-4ED9-4FBF-A35C-54945B903298}.Debug|Mixed Platforms.ActiveCfg = Debug|Any CPU
		{9CF5B7ED-4ED9-4FBF-A35C-54945B903298}.Debug|Mixed Platforms.Build.0 = Debug|Any CPU
		{9CF5B7ED-4ED9-4FBF-A35C-54945B903298}.Debug|x86.ActiveCfg = Debug|Any CPU
		{9CF5B7ED-4ED9-4FBF-A35C-54945B903298}.Release|Any CPU.ActiveCfg = Release|Any CPU
		{9CF5B7ED-4ED9-4FBF-A35C-54945B903298}.Release|Any CPU.Build.0 = Release|Any CPU
		{9CF5B7ED-4ED9-4FBF-A35C-54945B903298}.Release|Mixed Platforms.ActiveCfg = Release|Any CPU
		{9CF5B7ED-4ED9-4FBF-A35C-54945B903298}.Release|Mixed Platforms.Build.0 = Release|Any CPU
		{9CF5B7ED-4ED9-4FBF-A35C-54945B903298}.Release|x86.ActiveCfg = Release|Any CPU
		{7DE47032-A904-4C29-BD22-2D235E8D91BA}.Debug|Any CPU.ActiveCfg = Debug|Any CPU
		{7DE47032-A904-4C29-BD22-2D235E8D91BA}.Debug|Any CPU.Build.0 = Debug|Any CPU
		{7DE47032-A904-4C29-BD22-2D235E8D91BA}.Debug|Mixed Platforms.ActiveCfg = Debug|x86
		{7DE47032-A904-4C29-BD22-2D235E8D91BA}.Debug|Mixed Platforms.Build.0 = Debug|x86
		{7DE47032-A904-4C29-BD22-2D235E8D91BA}.Debug|x86.ActiveCfg = Debug|x86
		{7DE47032-A904-4C29-BD22-2D235E8D91BA}.Debug|x86.Build.0 = Debug|x86
		{7DE47032-A904-4C29-BD22-2D235E8D91BA}.Release|Any CPU.ActiveCfg = Release|Any CPU
		{7DE47032-A904-4C29-BD22-2D235E8D91BA}.Release|Any CPU.Build.0 = Release|Any CPU
		{7DE47032-A904-4C29-BD22-2D235E8D91BA}.Release|Mixed Platforms.ActiveCfg = Release|x86
		{7DE47032-A904-4C29-BD22-2D235E8D91BA}.Release|Mixed Platforms.Build.0 = Release|x86
		{7DE47032-A904-4C29-BD22-2D235E8D91BA}.Release|x86.ActiveCfg = Release|x86
		{7DE47032-A904-4C29-BD22-2D235E8D91BA}.Release|x86.Build.0 = Release|x86
	EndGlobalSection
	GlobalSection(SolutionProperties) = preSolution
		HideSolutionNode = FALSE
	EndGlobalSection
	GlobalSection(MonoDevelopProperties) = preSolution
		StartupItem = HighScoreBuddy.csproj
	EndGlobalSection
EndGlobal
