
Microsoft Visual Studio Solution File, Format Version 11.00
# Visual Studio 2010
Project("{FAE04EC0-301F-11D3-BF4B-00C04F79EFBC}") = "HighScoreBuddy.Ouya", "HighScoreBuddy.Ouya.csproj", "{CBB6E381-B81F-4429-948A-ACD2F76C28F4}"
EndProject
Project("{FAE04EC0-301F-11D3-BF4B-00C04F79EFBC}") = "Ouya.Console.Api", "..\externals\ouya-csharp\Ouya.Console.Api\Ouya.Console.Api.csproj", "{493A4B6F-98CE-4000-8A0C-4A4726299061}"
EndProject
Project("{FAE04EC0-301F-11D3-BF4B-00C04F79EFBC}") = "Lidgren.Network.Android", "..\externals\MonoGame\ThirdParty\Lidgren.Network\Lidgren.Network.Android.csproj", "{565129E0-4EE5-4F6F-B403-C3484C9740BE}"
EndProject
Project("{FAE04EC0-301F-11D3-BF4B-00C04F79EFBC}") = "MonoGame.Framework.Ouya", "..\externals\MonoGame\MonoGame.Framework\MonoGame.Framework.Ouya.csproj", "{8BEA875D-66D2-4A5F-B137-83D262A3851D}"
EndProject
Project("{FAE04EC0-301F-11D3-BF4B-00C04F79EFBC}") = "EasyStorage.Ouya", "..\externals\EasyStorage\Ouya\EasyStorage.Ouya.csproj", "{832F9B24-0E36-473C-945E-5C4EC884568C}"
EndProject
Global
	GlobalSection(SolutionConfigurationPlatforms) = preSolution
		Debug|Any CPU = Debug|Any CPU
		Release|Any CPU = Release|Any CPU
	EndGlobalSection
	GlobalSection(ProjectConfigurationPlatforms) = postSolution
		{493A4B6F-98CE-4000-8A0C-4A4726299061}.Debug|Any CPU.ActiveCfg = Debug|Any CPU
		{493A4B6F-98CE-4000-8A0C-4A4726299061}.Debug|Any CPU.Build.0 = Debug|Any CPU
		{493A4B6F-98CE-4000-8A0C-4A4726299061}.Release|Any CPU.ActiveCfg = Release|Any CPU
		{493A4B6F-98CE-4000-8A0C-4A4726299061}.Release|Any CPU.Build.0 = Release|Any CPU
		{565129E0-4EE5-4F6F-B403-C3484C9740BE}.Debug|Any CPU.ActiveCfg = Debug|Any CPU
		{565129E0-4EE5-4F6F-B403-C3484C9740BE}.Debug|Any CPU.Build.0 = Debug|Any CPU
		{565129E0-4EE5-4F6F-B403-C3484C9740BE}.Release|Any CPU.ActiveCfg = Release|Any CPU
		{565129E0-4EE5-4F6F-B403-C3484C9740BE}.Release|Any CPU.Build.0 = Release|Any CPU
		{832F9B24-0E36-473C-945E-5C4EC884568C}.Debug|Any CPU.ActiveCfg = Debug|Any CPU
		{832F9B24-0E36-473C-945E-5C4EC884568C}.Debug|Any CPU.Build.0 = Debug|Any CPU
		{832F9B24-0E36-473C-945E-5C4EC884568C}.Release|Any CPU.ActiveCfg = Release|Any CPU
		{832F9B24-0E36-473C-945E-5C4EC884568C}.Release|Any CPU.Build.0 = Release|Any CPU
		{8BEA875D-66D2-4A5F-B137-83D262A3851D}.Debug|Any CPU.ActiveCfg = Debug|Any CPU
		{8BEA875D-66D2-4A5F-B137-83D262A3851D}.Debug|Any CPU.Build.0 = Debug|Any CPU
		{8BEA875D-66D2-4A5F-B137-83D262A3851D}.Release|Any CPU.ActiveCfg = Release|Any CPU
		{8BEA875D-66D2-4A5F-B137-83D262A3851D}.Release|Any CPU.Build.0 = Release|Any CPU
		{CBB6E381-B81F-4429-948A-ACD2F76C28F4}.Debug|Any CPU.ActiveCfg = Debug|Any CPU
		{CBB6E381-B81F-4429-948A-ACD2F76C28F4}.Debug|Any CPU.Build.0 = Debug|Any CPU
		{CBB6E381-B81F-4429-948A-ACD2F76C28F4}.Release|Any CPU.ActiveCfg = Release|Any CPU
		{CBB6E381-B81F-4429-948A-ACD2F76C28F4}.Release|Any CPU.Build.0 = Release|Any CPU
	EndGlobalSection
	GlobalSection(MonoDevelopProperties) = preSolution
		StartupItem = HighScoreBuddy.Ouya.csproj
	EndGlobalSection
EndGlobal
