
Microsoft Visual Studio Solution File, Format Version 12.00
# Visual Studio 14
VisualStudioVersion = 14.0.25420.1
MinimumVisualStudioVersion = 10.0.40219.1
Project("{FAE04EC0-301F-11D3-BF4B-00C04F79EFBC}") = "HighScoreBuddy.DesktopGL", "HighScoreBuddy.DesktopGL\HighScoreBuddy.DesktopGL.csproj", "{2AE0A65F-3845-406E-9BC2-9A57329A5B05}"
EndProject
Project("{FAE04EC0-301F-11D3-BF4B-00C04F79EFBC}") = "HighScoreBuddy.Android", "HighScoreBuddy.Android\HighScoreBuddy.Android.csproj", "{259B6AE6-26F3-4929-B374-809C3C689FF8}"
EndProject
Project("{FAE04EC0-301F-11D3-BF4B-00C04F79EFBC}") = "HighScoreBuddy.iOS", "HighScoreBuddy.iOS\HighScoreBuddy.iOS.csproj", "{700CD0B2-3764-4732-AE1C-9DB0B79E401B}"
EndProject
Project("{FAE04EC0-301F-11D3-BF4B-00C04F79EFBC}") = "HighScoreBuddy.WindowsUniversal", "HighScoreBuddy.WindowsUniversal\HighScoreBuddy.WindowsUniversal.csproj", "{C75FA66B-1B33-49A5-A6AA-D638E6525CF9}"
EndProject
Project("{D954291E-2A0B-460D-934E-DC6B0785DB48}") = "HighScoreBuddy.SharedProject", "HighScoreBuddy.SharedProject\HighScoreBuddy.SharedProject.shproj", "{D0F7405F-F843-4BBB-B5E7-6828CB70A470}"
EndProject
Project("{2150E333-8FDC-42A3-9474-1A3956D46DE8}") = "Solution Items", "Solution Items", "{41C5CE68-B28F-4953-9AE4-1ADCC3ECF0D4}"
	ProjectSection(SolutionItems) = preProject
		buildNugetPackages.ps1 = buildNugetPackages.ps1
		HighScoreBuddy.nuspec = HighScoreBuddy.nuspec
	EndProjectSection
EndProject
Global
	GlobalSection(SharedMSBuildProjectFiles) = preSolution
		HighScoreBuddy.SharedProject\HighScoreBuddy.SharedProject.projitems*{259b6ae6-26f3-4929-b374-809c3c689ff8}*SharedItemsImports = 4
		HighScoreBuddy.SharedProject\HighScoreBuddy.SharedProject.projitems*{700cd0b2-3764-4732-ae1c-9db0b79e401b}*SharedItemsImports = 4
		HighScoreBuddy.SharedProject\HighScoreBuddy.SharedProject.projitems*{c75fa66b-1b33-49a5-a6aa-d638e6525cf9}*SharedItemsImports = 4
		HighScoreBuddy.SharedProject\HighScoreBuddy.SharedProject.projitems*{d0f7405f-f843-4bbb-b5e7-6828cb70a470}*SharedItemsImports = 13
	EndGlobalSection
	GlobalSection(SolutionConfigurationPlatforms) = preSolution
		Debug|Any CPU = Debug|Any CPU
		Debug|ARM = Debug|ARM
		Debug|x64 = Debug|x64
		Debug|x86 = Debug|x86
		Release|Any CPU = Release|Any CPU
		Release|ARM = Release|ARM
		Release|x64 = Release|x64
		Release|x86 = Release|x86
	EndGlobalSection
	GlobalSection(ProjectConfigurationPlatforms) = postSolution
		{2AE0A65F-3845-406E-9BC2-9A57329A5B05}.Debug|Any CPU.ActiveCfg = Debug|Any CPU
		{2AE0A65F-3845-406E-9BC2-9A57329A5B05}.Debug|Any CPU.Build.0 = Debug|Any CPU
		{2AE0A65F-3845-406E-9BC2-9A57329A5B05}.Debug|ARM.ActiveCfg = Debug|Any CPU
		{2AE0A65F-3845-406E-9BC2-9A57329A5B05}.Debug|ARM.Build.0 = Debug|Any CPU
		{2AE0A65F-3845-406E-9BC2-9A57329A5B05}.Debug|x64.ActiveCfg = Debug|Any CPU
		{2AE0A65F-3845-406E-9BC2-9A57329A5B05}.Debug|x64.Build.0 = Debug|Any CPU
		{2AE0A65F-3845-406E-9BC2-9A57329A5B05}.Debug|x86.ActiveCfg = Debug|Any CPU
		{2AE0A65F-3845-406E-9BC2-9A57329A5B05}.Debug|x86.Build.0 = Debug|Any CPU
		{2AE0A65F-3845-406E-9BC2-9A57329A5B05}.Release|Any CPU.ActiveCfg = Release|Any CPU
		{2AE0A65F-3845-406E-9BC2-9A57329A5B05}.Release|Any CPU.Build.0 = Release|Any CPU
		{2AE0A65F-3845-406E-9BC2-9A57329A5B05}.Release|ARM.ActiveCfg = Release|Any CPU
		{2AE0A65F-3845-406E-9BC2-9A57329A5B05}.Release|ARM.Build.0 = Release|Any CPU
		{2AE0A65F-3845-406E-9BC2-9A57329A5B05}.Release|x64.ActiveCfg = Release|Any CPU
		{2AE0A65F-3845-406E-9BC2-9A57329A5B05}.Release|x64.Build.0 = Release|Any CPU
		{2AE0A65F-3845-406E-9BC2-9A57329A5B05}.Release|x86.ActiveCfg = Release|Any CPU
		{2AE0A65F-3845-406E-9BC2-9A57329A5B05}.Release|x86.Build.0 = Release|Any CPU
		{259B6AE6-26F3-4929-B374-809C3C689FF8}.Debug|Any CPU.ActiveCfg = Debug|Any CPU
		{259B6AE6-26F3-4929-B374-809C3C689FF8}.Debug|Any CPU.Build.0 = Debug|Any CPU
		{259B6AE6-26F3-4929-B374-809C3C689FF8}.Debug|ARM.ActiveCfg = Debug|Any CPU
		{259B6AE6-26F3-4929-B374-809C3C689FF8}.Debug|ARM.Build.0 = Debug|Any CPU
		{259B6AE6-26F3-4929-B374-809C3C689FF8}.Debug|x64.ActiveCfg = Debug|Any CPU
		{259B6AE6-26F3-4929-B374-809C3C689FF8}.Debug|x64.Build.0 = Debug|Any CPU
		{259B6AE6-26F3-4929-B374-809C3C689FF8}.Debug|x86.ActiveCfg = Debug|Any CPU
		{259B6AE6-26F3-4929-B374-809C3C689FF8}.Debug|x86.Build.0 = Debug|Any CPU
		{259B6AE6-26F3-4929-B374-809C3C689FF8}.Release|Any CPU.ActiveCfg = Release|Any CPU
		{259B6AE6-26F3-4929-B374-809C3C689FF8}.Release|Any CPU.Build.0 = Release|Any CPU
		{259B6AE6-26F3-4929-B374-809C3C689FF8}.Release|ARM.ActiveCfg = Release|Any CPU
		{259B6AE6-26F3-4929-B374-809C3C689FF8}.Release|ARM.Build.0 = Release|Any CPU
		{259B6AE6-26F3-4929-B374-809C3C689FF8}.Release|x64.ActiveCfg = Release|Any CPU
		{259B6AE6-26F3-4929-B374-809C3C689FF8}.Release|x64.Build.0 = Release|Any CPU
		{259B6AE6-26F3-4929-B374-809C3C689FF8}.Release|x86.ActiveCfg = Release|Any CPU
		{259B6AE6-26F3-4929-B374-809C3C689FF8}.Release|x86.Build.0 = Release|Any CPU
		{700CD0B2-3764-4732-AE1C-9DB0B79E401B}.Debug|Any CPU.ActiveCfg = Debug|Any CPU
		{700CD0B2-3764-4732-AE1C-9DB0B79E401B}.Debug|Any CPU.Build.0 = Debug|Any CPU
		{700CD0B2-3764-4732-AE1C-9DB0B79E401B}.Debug|ARM.ActiveCfg = Debug|Any CPU
		{700CD0B2-3764-4732-AE1C-9DB0B79E401B}.Debug|ARM.Build.0 = Debug|Any CPU
		{700CD0B2-3764-4732-AE1C-9DB0B79E401B}.Debug|x64.ActiveCfg = Debug|Any CPU
		{700CD0B2-3764-4732-AE1C-9DB0B79E401B}.Debug|x64.Build.0 = Debug|Any CPU
		{700CD0B2-3764-4732-AE1C-9DB0B79E401B}.Debug|x86.ActiveCfg = Debug|Any CPU
		{700CD0B2-3764-4732-AE1C-9DB0B79E401B}.Debug|x86.Build.0 = Debug|Any CPU
		{700CD0B2-3764-4732-AE1C-9DB0B79E401B}.Release|Any CPU.ActiveCfg = Release|Any CPU
		{700CD0B2-3764-4732-AE1C-9DB0B79E401B}.Release|Any CPU.Build.0 = Release|Any CPU
		{700CD0B2-3764-4732-AE1C-9DB0B79E401B}.Release|ARM.ActiveCfg = Release|Any CPU
		{700CD0B2-3764-4732-AE1C-9DB0B79E401B}.Release|ARM.Build.0 = Release|Any CPU
		{700CD0B2-3764-4732-AE1C-9DB0B79E401B}.Release|x64.ActiveCfg = Release|Any CPU
		{700CD0B2-3764-4732-AE1C-9DB0B79E401B}.Release|x64.Build.0 = Release|Any CPU
		{700CD0B2-3764-4732-AE1C-9DB0B79E401B}.Release|x86.ActiveCfg = Release|Any CPU
		{700CD0B2-3764-4732-AE1C-9DB0B79E401B}.Release|x86.Build.0 = Release|Any CPU
		{C75FA66B-1B33-49A5-A6AA-D638E6525CF9}.Debug|Any CPU.ActiveCfg = Debug|Any CPU
		{C75FA66B-1B33-49A5-A6AA-D638E6525CF9}.Debug|Any CPU.Build.0 = Debug|Any CPU
		{C75FA66B-1B33-49A5-A6AA-D638E6525CF9}.Debug|ARM.ActiveCfg = Debug|ARM
		{C75FA66B-1B33-49A5-A6AA-D638E6525CF9}.Debug|ARM.Build.0 = Debug|ARM
		{C75FA66B-1B33-49A5-A6AA-D638E6525CF9}.Debug|x64.ActiveCfg = Debug|x64
		{C75FA66B-1B33-49A5-A6AA-D638E6525CF9}.Debug|x64.Build.0 = Debug|x64
		{C75FA66B-1B33-49A5-A6AA-D638E6525CF9}.Debug|x86.ActiveCfg = Debug|x86
		{C75FA66B-1B33-49A5-A6AA-D638E6525CF9}.Debug|x86.Build.0 = Debug|x86
		{C75FA66B-1B33-49A5-A6AA-D638E6525CF9}.Release|Any CPU.ActiveCfg = Release|Any CPU
		{C75FA66B-1B33-49A5-A6AA-D638E6525CF9}.Release|Any CPU.Build.0 = Release|Any CPU
		{C75FA66B-1B33-49A5-A6AA-D638E6525CF9}.Release|ARM.ActiveCfg = Release|ARM
		{C75FA66B-1B33-49A5-A6AA-D638E6525CF9}.Release|ARM.Build.0 = Release|ARM
		{C75FA66B-1B33-49A5-A6AA-D638E6525CF9}.Release|x64.ActiveCfg = Release|x64
		{C75FA66B-1B33-49A5-A6AA-D638E6525CF9}.Release|x64.Build.0 = Release|x64
		{C75FA66B-1B33-49A5-A6AA-D638E6525CF9}.Release|x86.ActiveCfg = Release|x86
		{C75FA66B-1B33-49A5-A6AA-D638E6525CF9}.Release|x86.Build.0 = Release|x86
	EndGlobalSection
	GlobalSection(SolutionProperties) = preSolution
		HideSolutionNode = FALSE
	EndGlobalSection
EndGlobal
